// !$*UTF8*$!
{
	archiveVersion = 1;
	classes = {
	};
	objectVersion = 54;
	objects = {

/* Begin PBXBuildFile section */
		004FCC01B2FA434E87F95FD3 /* WorkSans-ExtraLight.ttf in Resources */ = {isa = PBXBuildFile; fileRef = A39CBB76430F4EB99EE50A02 /* WorkSans-ExtraLight.ttf */; };
		00E356F31AD99517003FC87E /* timetodoTests.m in Sources */ = {isa = PBXBuildFile; fileRef = 00E356F21AD99517003FC87E /* timetodoTests.m */; };
		035F5EE46F9E4BFE9A3712EB /* WorkSans-Italic.ttf in Resources */ = {isa = PBXBuildFile; fileRef = 870A6989AF08402686EA32D2 /* WorkSans-Italic.ttf */; };
		093F371F2E6F4F939037E0A0 /* Poppins-ExtraBoldItalic.ttf in Resources */ = {isa = PBXBuildFile; fileRef = 28EFD2869738469E9C0C8A8E /* Poppins-ExtraBoldItalic.ttf */; };
		0C80B921A6F3F58F76C31292 /* libPods-timetodo.a in Frameworks */ = {isa = PBXBuildFile; fileRef = 5DCACB8F33CDC322A6C60F78 /* libPods-timetodo.a */; };
		13B07FBC1A68108700A75B9A /* AppDelegate.mm in Sources */ = {isa = PBXBuildFile; fileRef = 13B07FB01A68108700A75B9A /* AppDelegate.mm */; };
		13B07FBF1A68108700A75B9A /* Images.xcassets in Resources */ = {isa = PBXBuildFile; fileRef = 13B07FB51A68108700A75B9A /* Images.xcassets */; };
		13B07FC11A68108700A75B9A /* main.m in Sources */ = {isa = PBXBuildFile; fileRef = 13B07FB71A68108700A75B9A /* main.m */; };
		147FF1AEE395485EAAAFD02B /* Poppins-Bold.ttf in Resources */ = {isa = PBXBuildFile; fileRef = 231CDC21054C4C919CDDA457 /* Poppins-Bold.ttf */; };
		202368C4486E4848A774AF43 /* Poppins-ExtraLight.ttf in Resources */ = {isa = PBXBuildFile; fileRef = 04CB94CC4DEC4B8CA7A45C13 /* Poppins-ExtraLight.ttf */; };
		2378DDBF4212404F8A820399 /* WorkSans-SemiBold.ttf in Resources */ = {isa = PBXBuildFile; fileRef = D7B25DC03C1B4220A6B6A1E4 /* WorkSans-SemiBold.ttf */; };
		25BA7F5F00C64D81ACC495D1 /* Poppins-SemiBoldItalic.ttf in Resources */ = {isa = PBXBuildFile; fileRef = C6F95453FEB0468DB53BDBE3 /* Poppins-SemiBoldItalic.ttf */; };
		2AB7396E108246BAB909FC12 /* Poppins-SemiBold.ttf in Resources */ = {isa = PBXBuildFile; fileRef = 3DF2E8BF2D7A4352B3791ED5 /* Poppins-SemiBold.ttf */; };
		2CB1F0BC3B534E04A71D57B9 /* Poppins-MediumItalic.ttf in Resources */ = {isa = PBXBuildFile; fileRef = 1F8B284987514E5F96FAC13E /* Poppins-MediumItalic.ttf */; };
		36990AF1D1A14180B3398C52 /* WorkSans-Medium.ttf in Resources */ = {isa = PBXBuildFile; fileRef = 6ECEC64621C648A28C1B6FB6 /* WorkSans-Medium.ttf */; };
		392AEDAB1A9D4975A6A5ACEE /* WorkSans-Thin.ttf in Resources */ = {isa = PBXBuildFile; fileRef = D2DB07CD847F434181A17EF7 /* WorkSans-Thin.ttf */; };
		4535808B9E4143B890ECEB94 /* WorkSans-BoldItalic.ttf in Resources */ = {isa = PBXBuildFile; fileRef = 32C1044168E7466FA28F379B /* WorkSans-BoldItalic.ttf */; };
		56166D04D0BF4E4AA42E4AED /* Poppins-BoldItalic.ttf in Resources */ = {isa = PBXBuildFile; fileRef = E4B55CFC1861430EA8E91C32 /* Poppins-BoldItalic.ttf */; };
		5A6EDBDBE1A745AA96E3E279 /* Poppins-Black.ttf in Resources */ = {isa = PBXBuildFile; fileRef = 92805583F0AB4A17BE310BA2 /* Poppins-Black.ttf */; };
		689C2DFD4A4F465AB9FF0630 /* Poppins-Medium.ttf in Resources */ = {isa = PBXBuildFile; fileRef = B57D14D30A0A46A1A8F72382 /* Poppins-Medium.ttf */; };
		6E95D6A69A0F48619DF7836D /* Poppins-ThinItalic.ttf in Resources */ = {isa = PBXBuildFile; fileRef = E050D4E365FB43F3959CCB0E /* Poppins-ThinItalic.ttf */; };
		7699B88040F8A987B510C191 /* libPods-timetodo-timetodoTests.a in Frameworks */ = {isa = PBXBuildFile; fileRef = 19F6CBCC0A4E27FBF8BF4A61 /* libPods-timetodo-timetodoTests.a */; };
		76A005B22FA44B8B98441C75 /* Poppins-Regular.ttf in Resources */ = {isa = PBXBuildFile; fileRef = AAA90D0EA0C94EBAA3DC9CF9 /* Poppins-Regular.ttf */; };
		7FFA69380BCF41E58948A1DE /* WorkSans-SemiBoldItalic.ttf in Resources */ = {isa = PBXBuildFile; fileRef = 665241D6B9084E81ADDB4FF5 /* WorkSans-SemiBoldItalic.ttf */; };
		81AB9BB82411601600AC10FF /* LaunchScreen.storyboard in Resources */ = {isa = PBXBuildFile; fileRef = 81AB9BB72411601600AC10FF /* LaunchScreen.storyboard */; };
		83844B9C1D6B4A4FB33E08D8 /* WorkSans-MediumItalic.ttf in Resources */ = {isa = PBXBuildFile; fileRef = C815BDCD2A5349FF96E6C7FB /* WorkSans-MediumItalic.ttf */; };
		85946E0100CC4D1881D04998 /* Poppins-LightItalic.ttf in Resources */ = {isa = PBXBuildFile; fileRef = 9AC355B877DD44D48B668C7E /* Poppins-LightItalic.ttf */; };
		8C2EEBF280AF4106B5766ADF /* WorkSans-BlackItalic.ttf in Resources */ = {isa = PBXBuildFile; fileRef = 19D8DEF31ABB47CD8BBB55CC /* WorkSans-BlackItalic.ttf */; };
		94979AEC9F1F4A0BB19B8995 /* WorkSans-ExtraBoldItalic.ttf in Resources */ = {isa = PBXBuildFile; fileRef = 3406757104634EA48B7C751F /* WorkSans-ExtraBoldItalic.ttf */; };
		956E1CA2DFB64D4986403DDE /* WorkSans-ExtraBold.ttf in Resources */ = {isa = PBXBuildFile; fileRef = CB7AE798CC3843B88D0ED31A /* WorkSans-ExtraBold.ttf */; };
		9FD1E01BC51E40FEB4E55FF9 /* Poppins-Thin.ttf in Resources */ = {isa = PBXBuildFile; fileRef = 84F98400E0AF437BB38676C2 /* Poppins-Thin.ttf */; };
		A98D4C5BDB1B4D509BD8FF5D /* WorkSans-Bold.ttf in Resources */ = {isa = PBXBuildFile; fileRef = F7421DB378A248558147122F /* WorkSans-Bold.ttf */; };
		C0AA97528062462B9AB1F243 /* Poppins-ExtraBold.ttf in Resources */ = {isa = PBXBuildFile; fileRef = B187DC6AAC2F49CBBDEEBD51 /* Poppins-ExtraBold.ttf */; };
		C5DDFF0689E64CD899C368C8 /* WorkSans-Black.ttf in Resources */ = {isa = PBXBuildFile; fileRef = 13989A9B5C884D98856A952A /* WorkSans-Black.ttf */; };
		D13302B8B280446183B5A494 /* WorkSans-ThinItalic.ttf in Resources */ = {isa = PBXBuildFile; fileRef = D8EBB42E894B4B12B4758E2A /* WorkSans-ThinItalic.ttf */; };
		D338C7B0C5244EF0AB0C62D9 /* WorkSans-Regular.ttf in Resources */ = {isa = PBXBuildFile; fileRef = 067380D8FCA64CB4B0B5D081 /* WorkSans-Regular.ttf */; };
		DE9B69D30BCC478393A2E162 /* WorkSans-ExtraLightItalic.ttf in Resources */ = {isa = PBXBuildFile; fileRef = C3E9B5A45E704AF6B359E6A9 /* WorkSans-ExtraLightItalic.ttf */; };
		E4BC94C5F2D34D4692EB646C /* Poppins-ExtraLightItalic.ttf in Resources */ = {isa = PBXBuildFile; fileRef = 812B855020884DA5BE1DD388 /* Poppins-ExtraLightItalic.ttf */; };
		ED19DF92F41240FFB4D248E2 /* Poppins-Italic.ttf in Resources */ = {isa = PBXBuildFile; fileRef = D25F8FAB7A604997AA134B0A /* Poppins-Italic.ttf */; };
		ED82267929DA4F45A6B0793F /* WorkSans-LightItalic.ttf in Resources */ = {isa = PBXBuildFile; fileRef = 0E28803E6F934D8BAA898054 /* WorkSans-LightItalic.ttf */; };
		F23CD38C02324267B877CCCB /* Poppins-Light.ttf in Resources */ = {isa = PBXBuildFile; fileRef = 7ECB9F67D22D46AE93D04B11 /* Poppins-Light.ttf */; };
		F3B97980AABA467FA5205CFC /* Poppins-BlackItalic.ttf in Resources */ = {isa = PBXBuildFile; fileRef = E575ABFB7E5A42A592553D2F /* Poppins-BlackItalic.ttf */; };
		FFE8E840E85B4DA8A464AFF2 /* WorkSans-Light.ttf in Resources */ = {isa = PBXBuildFile; fileRef = D3F64C02E37142F0AB627E19 /* WorkSans-Light.ttf */; };
/* End PBXBuildFile section */

/* Begin PBXContainerItemProxy section */
		00E356F41AD99517003FC87E /* PBXContainerItemProxy */ = {
			isa = PBXContainerItemProxy;
			containerPortal = 83CBB9F71A601CBA00E9B192 /* Project object */;
			proxyType = 1;
			remoteGlobalIDString = 13B07F861A680F5B00A75B9A;
			remoteInfo = timetodo;
		};
/* End PBXContainerItemProxy section */

/* Begin PBXFileReference section */
		00E356EE1AD99517003FC87E /* timetodoTests.xctest */ = {isa = PBXFileReference; explicitFileType = wrapper.cfbundle; includeInIndex = 0; path = timetodoTests.xctest; sourceTree = BUILT_PRODUCTS_DIR; };
		00E356F11AD99517003FC87E /* Info.plist */ = {isa = PBXFileReference; lastKnownFileType = text.plist.xml; path = Info.plist; sourceTree = "<group>"; };
		00E356F21AD99517003FC87E /* timetodoTests.m */ = {isa = PBXFileReference; lastKnownFileType = sourcecode.c.objc; path = timetodoTests.m; sourceTree = "<group>"; };
		04CB94CC4DEC4B8CA7A45C13 /* Poppins-ExtraLight.ttf */ = {isa = PBXFileReference; explicitFileType = undefined; fileEncoding = undefined; includeInIndex = 0; lastKnownFileType = unknown; name = "Poppins-ExtraLight.ttf"; path = "../src/assets/fonts/poppins/Poppins-ExtraLight.ttf"; sourceTree = "<group>"; };
		067380D8FCA64CB4B0B5D081 /* WorkSans-Regular.ttf */ = {isa = PBXFileReference; explicitFileType = undefined; fileEncoding = undefined; includeInIndex = 0; lastKnownFileType = unknown; name = "WorkSans-Regular.ttf"; path = "../src/assets/fonts/work-sans/WorkSans-Regular.ttf"; sourceTree = "<group>"; };
		0E28803E6F934D8BAA898054 /* WorkSans-LightItalic.ttf */ = {isa = PBXFileReference; explicitFileType = undefined; fileEncoding = undefined; includeInIndex = 0; lastKnownFileType = unknown; name = "WorkSans-LightItalic.ttf"; path = "../src/assets/fonts/work-sans/WorkSans-LightItalic.ttf"; sourceTree = "<group>"; };
		13989A9B5C884D98856A952A /* WorkSans-Black.ttf */ = {isa = PBXFileReference; explicitFileType = undefined; fileEncoding = undefined; includeInIndex = 0; lastKnownFileType = unknown; name = "WorkSans-Black.ttf"; path = "../src/assets/fonts/work-sans/WorkSans-Black.ttf"; sourceTree = "<group>"; };
		13B07F961A680F5B00A75B9A /* timetodo.app */ = {isa = PBXFileReference; explicitFileType = wrapper.application; includeInIndex = 0; path = timetodo.app; sourceTree = BUILT_PRODUCTS_DIR; };
		13B07FAF1A68108700A75B9A /* AppDelegate.h */ = {isa = PBXFileReference; fileEncoding = 4; lastKnownFileType = sourcecode.c.h; name = AppDelegate.h; path = timetodo/AppDelegate.h; sourceTree = "<group>"; };
		13B07FB01A68108700A75B9A /* AppDelegate.mm */ = {isa = PBXFileReference; fileEncoding = 4; lastKnownFileType = sourcecode.cpp.objcpp; name = AppDelegate.mm; path = timetodo/AppDelegate.mm; sourceTree = "<group>"; };
		13B07FB51A68108700A75B9A /* Images.xcassets */ = {isa = PBXFileReference; lastKnownFileType = folder.assetcatalog; name = Images.xcassets; path = timetodo/Images.xcassets; sourceTree = "<group>"; };
		13B07FB61A68108700A75B9A /* Info.plist */ = {isa = PBXFileReference; fileEncoding = 4; lastKnownFileType = text.plist.xml; name = Info.plist; path = timetodo/Info.plist; sourceTree = "<group>"; };
		13B07FB71A68108700A75B9A /* main.m */ = {isa = PBXFileReference; fileEncoding = 4; lastKnownFileType = sourcecode.c.objc; name = main.m; path = timetodo/main.m; sourceTree = "<group>"; };
		19D8DEF31ABB47CD8BBB55CC /* WorkSans-BlackItalic.ttf */ = {isa = PBXFileReference; explicitFileType = undefined; fileEncoding = undefined; includeInIndex = 0; lastKnownFileType = unknown; name = "WorkSans-BlackItalic.ttf"; path = "../src/assets/fonts/work-sans/WorkSans-BlackItalic.ttf"; sourceTree = "<group>"; };
		19F6CBCC0A4E27FBF8BF4A61 /* libPods-timetodo-timetodoTests.a */ = {isa = PBXFileReference; explicitFileType = archive.ar; includeInIndex = 0; path = "libPods-timetodo-timetodoTests.a"; sourceTree = BUILT_PRODUCTS_DIR; };
		1F8B284987514E5F96FAC13E /* Poppins-MediumItalic.ttf */ = {isa = PBXFileReference; explicitFileType = undefined; fileEncoding = undefined; includeInIndex = 0; lastKnownFileType = unknown; name = "Poppins-MediumItalic.ttf"; path = "../src/assets/fonts/poppins/Poppins-MediumItalic.ttf"; sourceTree = "<group>"; };
		231CDC21054C4C919CDDA457 /* Poppins-Bold.ttf */ = {isa = PBXFileReference; explicitFileType = undefined; fileEncoding = undefined; includeInIndex = 0; lastKnownFileType = unknown; name = "Poppins-Bold.ttf"; path = "../src/assets/fonts/poppins/Poppins-Bold.ttf"; sourceTree = "<group>"; };
		28EFD2869738469E9C0C8A8E /* Poppins-ExtraBoldItalic.ttf */ = {isa = PBXFileReference; explicitFileType = undefined; fileEncoding = undefined; includeInIndex = 0; lastKnownFileType = unknown; name = "Poppins-ExtraBoldItalic.ttf"; path = "../src/assets/fonts/poppins/Poppins-ExtraBoldItalic.ttf"; sourceTree = "<group>"; };
		32C1044168E7466FA28F379B /* WorkSans-BoldItalic.ttf */ = {isa = PBXFileReference; explicitFileType = undefined; fileEncoding = undefined; includeInIndex = 0; lastKnownFileType = unknown; name = "WorkSans-BoldItalic.ttf"; path = "../src/assets/fonts/work-sans/WorkSans-BoldItalic.ttf"; sourceTree = "<group>"; };
		3406757104634EA48B7C751F /* WorkSans-ExtraBoldItalic.ttf */ = {isa = PBXFileReference; explicitFileType = undefined; fileEncoding = undefined; includeInIndex = 0; lastKnownFileType = unknown; name = "WorkSans-ExtraBoldItalic.ttf"; path = "../src/assets/fonts/work-sans/WorkSans-ExtraBoldItalic.ttf"; sourceTree = "<group>"; };
		3B4392A12AC88292D35C810B /* Pods-timetodo.debug.xcconfig */ = {isa = PBXFileReference; includeInIndex = 1; lastKnownFileType = text.xcconfig; name = "Pods-timetodo.debug.xcconfig"; path = "Target Support Files/Pods-timetodo/Pods-timetodo.debug.xcconfig"; sourceTree = "<group>"; };
		3DF2E8BF2D7A4352B3791ED5 /* Poppins-SemiBold.ttf */ = {isa = PBXFileReference; explicitFileType = undefined; fileEncoding = undefined; includeInIndex = 0; lastKnownFileType = unknown; name = "Poppins-SemiBold.ttf"; path = "../src/assets/fonts/poppins/Poppins-SemiBold.ttf"; sourceTree = "<group>"; };
		5709B34CF0A7D63546082F79 /* Pods-timetodo.release.xcconfig */ = {isa = PBXFileReference; includeInIndex = 1; lastKnownFileType = text.xcconfig; name = "Pods-timetodo.release.xcconfig"; path = "Target Support Files/Pods-timetodo/Pods-timetodo.release.xcconfig"; sourceTree = "<group>"; };
		5B7EB9410499542E8C5724F5 /* Pods-timetodo-timetodoTests.debug.xcconfig */ = {isa = PBXFileReference; includeInIndex = 1; lastKnownFileType = text.xcconfig; name = "Pods-timetodo-timetodoTests.debug.xcconfig"; path = "Target Support Files/Pods-timetodo-timetodoTests/Pods-timetodo-timetodoTests.debug.xcconfig"; sourceTree = "<group>"; };
		5DCACB8F33CDC322A6C60F78 /* libPods-timetodo.a */ = {isa = PBXFileReference; explicitFileType = archive.ar; includeInIndex = 0; path = "libPods-timetodo.a"; sourceTree = BUILT_PRODUCTS_DIR; };
		665241D6B9084E81ADDB4FF5 /* WorkSans-SemiBoldItalic.ttf */ = {isa = PBXFileReference; explicitFileType = undefined; fileEncoding = undefined; includeInIndex = 0; lastKnownFileType = unknown; name = "WorkSans-SemiBoldItalic.ttf"; path = "../src/assets/fonts/work-sans/WorkSans-SemiBoldItalic.ttf"; sourceTree = "<group>"; };
		6ECEC64621C648A28C1B6FB6 /* WorkSans-Medium.ttf */ = {isa = PBXFileReference; explicitFileType = undefined; fileEncoding = undefined; includeInIndex = 0; lastKnownFileType = unknown; name = "WorkSans-Medium.ttf"; path = "../src/assets/fonts/work-sans/WorkSans-Medium.ttf"; sourceTree = "<group>"; };
		7ECB9F67D22D46AE93D04B11 /* Poppins-Light.ttf */ = {isa = PBXFileReference; explicitFileType = undefined; fileEncoding = undefined; includeInIndex = 0; lastKnownFileType = unknown; name = "Poppins-Light.ttf"; path = "../src/assets/fonts/poppins/Poppins-Light.ttf"; sourceTree = "<group>"; };
		812B855020884DA5BE1DD388 /* Poppins-ExtraLightItalic.ttf */ = {isa = PBXFileReference; explicitFileType = undefined; fileEncoding = undefined; includeInIndex = 0; lastKnownFileType = unknown; name = "Poppins-ExtraLightItalic.ttf"; path = "../src/assets/fonts/poppins/Poppins-ExtraLightItalic.ttf"; sourceTree = "<group>"; };
		81AB9BB72411601600AC10FF /* LaunchScreen.storyboard */ = {isa = PBXFileReference; fileEncoding = 4; lastKnownFileType = file.storyboard; name = LaunchScreen.storyboard; path = timetodo/LaunchScreen.storyboard; sourceTree = "<group>"; };
		84F98400E0AF437BB38676C2 /* Poppins-Thin.ttf */ = {isa = PBXFileReference; explicitFileType = undefined; fileEncoding = undefined; includeInIndex = 0; lastKnownFileType = unknown; name = "Poppins-Thin.ttf"; path = "../src/assets/fonts/poppins/Poppins-Thin.ttf"; sourceTree = "<group>"; };
		870A6989AF08402686EA32D2 /* WorkSans-Italic.ttf */ = {isa = PBXFileReference; explicitFileType = undefined; fileEncoding = undefined; includeInIndex = 0; lastKnownFileType = unknown; name = "WorkSans-Italic.ttf"; path = "../src/assets/fonts/work-sans/WorkSans-Italic.ttf"; sourceTree = "<group>"; };
		89C6BE57DB24E9ADA2F236DE /* Pods-timetodo-timetodoTests.release.xcconfig */ = {isa = PBXFileReference; includeInIndex = 1; lastKnownFileType = text.xcconfig; name = "Pods-timetodo-timetodoTests.release.xcconfig"; path = "Target Support Files/Pods-timetodo-timetodoTests/Pods-timetodo-timetodoTests.release.xcconfig"; sourceTree = "<group>"; };
		92805583F0AB4A17BE310BA2 /* Poppins-Black.ttf */ = {isa = PBXFileReference; explicitFileType = undefined; fileEncoding = undefined; includeInIndex = 0; lastKnownFileType = unknown; name = "Poppins-Black.ttf"; path = "../src/assets/fonts/poppins/Poppins-Black.ttf"; sourceTree = "<group>"; };
		9AC355B877DD44D48B668C7E /* Poppins-LightItalic.ttf */ = {isa = PBXFileReference; explicitFileType = undefined; fileEncoding = undefined; includeInIndex = 0; lastKnownFileType = unknown; name = "Poppins-LightItalic.ttf"; path = "../src/assets/fonts/poppins/Poppins-LightItalic.ttf"; sourceTree = "<group>"; };
		A39CBB76430F4EB99EE50A02 /* WorkSans-ExtraLight.ttf */ = {isa = PBXFileReference; explicitFileType = undefined; fileEncoding = undefined; includeInIndex = 0; lastKnownFileType = unknown; name = "WorkSans-ExtraLight.ttf"; path = "../src/assets/fonts/work-sans/WorkSans-ExtraLight.ttf"; sourceTree = "<group>"; };
		AAA90D0EA0C94EBAA3DC9CF9 /* Poppins-Regular.ttf */ = {isa = PBXFileReference; explicitFileType = undefined; fileEncoding = undefined; includeInIndex = 0; lastKnownFileType = unknown; name = "Poppins-Regular.ttf"; path = "../src/assets/fonts/poppins/Poppins-Regular.ttf"; sourceTree = "<group>"; };
		B187DC6AAC2F49CBBDEEBD51 /* Poppins-ExtraBold.ttf */ = {isa = PBXFileReference; explicitFileType = undefined; fileEncoding = undefined; includeInIndex = 0; lastKnownFileType = unknown; name = "Poppins-ExtraBold.ttf"; path = "../src/assets/fonts/poppins/Poppins-ExtraBold.ttf"; sourceTree = "<group>"; };
		B57D14D30A0A46A1A8F72382 /* Poppins-Medium.ttf */ = {isa = PBXFileReference; explicitFileType = undefined; fileEncoding = undefined; includeInIndex = 0; lastKnownFileType = unknown; name = "Poppins-Medium.ttf"; path = "../src/assets/fonts/poppins/Poppins-Medium.ttf"; sourceTree = "<group>"; };
		C3E9B5A45E704AF6B359E6A9 /* WorkSans-ExtraLightItalic.ttf */ = {isa = PBXFileReference; explicitFileType = undefined; fileEncoding = undefined; includeInIndex = 0; lastKnownFileType = unknown; name = "WorkSans-ExtraLightItalic.ttf"; path = "../src/assets/fonts/work-sans/WorkSans-ExtraLightItalic.ttf"; sourceTree = "<group>"; };
		C6F95453FEB0468DB53BDBE3 /* Poppins-SemiBoldItalic.ttf */ = {isa = PBXFileReference; explicitFileType = undefined; fileEncoding = undefined; includeInIndex = 0; lastKnownFileType = unknown; name = "Poppins-SemiBoldItalic.ttf"; path = "../src/assets/fonts/poppins/Poppins-SemiBoldItalic.ttf"; sourceTree = "<group>"; };
		C815BDCD2A5349FF96E6C7FB /* WorkSans-MediumItalic.ttf */ = {isa = PBXFileReference; explicitFileType = undefined; fileEncoding = undefined; includeInIndex = 0; lastKnownFileType = unknown; name = "WorkSans-MediumItalic.ttf"; path = "../src/assets/fonts/work-sans/WorkSans-MediumItalic.ttf"; sourceTree = "<group>"; };
		CB7AE798CC3843B88D0ED31A /* WorkSans-ExtraBold.ttf */ = {isa = PBXFileReference; explicitFileType = undefined; fileEncoding = undefined; includeInIndex = 0; lastKnownFileType = unknown; name = "WorkSans-ExtraBold.ttf"; path = "../src/assets/fonts/work-sans/WorkSans-ExtraBold.ttf"; sourceTree = "<group>"; };
		D25F8FAB7A604997AA134B0A /* Poppins-Italic.ttf */ = {isa = PBXFileReference; explicitFileType = undefined; fileEncoding = undefined; includeInIndex = 0; lastKnownFileType = unknown; name = "Poppins-Italic.ttf"; path = "../src/assets/fonts/poppins/Poppins-Italic.ttf"; sourceTree = "<group>"; };
		D2DB07CD847F434181A17EF7 /* WorkSans-Thin.ttf */ = {isa = PBXFileReference; explicitFileType = undefined; fileEncoding = undefined; includeInIndex = 0; lastKnownFileType = unknown; name = "WorkSans-Thin.ttf"; path = "../src/assets/fonts/work-sans/WorkSans-Thin.ttf"; sourceTree = "<group>"; };
		D3F64C02E37142F0AB627E19 /* WorkSans-Light.ttf */ = {isa = PBXFileReference; explicitFileType = undefined; fileEncoding = undefined; includeInIndex = 0; lastKnownFileType = unknown; name = "WorkSans-Light.ttf"; path = "../src/assets/fonts/work-sans/WorkSans-Light.ttf"; sourceTree = "<group>"; };
		D7B25DC03C1B4220A6B6A1E4 /* WorkSans-SemiBold.ttf */ = {isa = PBXFileReference; explicitFileType = undefined; fileEncoding = undefined; includeInIndex = 0; lastKnownFileType = unknown; name = "WorkSans-SemiBold.ttf"; path = "../src/assets/fonts/work-sans/WorkSans-SemiBold.ttf"; sourceTree = "<group>"; };
		D8EBB42E894B4B12B4758E2A /* WorkSans-ThinItalic.ttf */ = {isa = PBXFileReference; explicitFileType = undefined; fileEncoding = undefined; includeInIndex = 0; lastKnownFileType = unknown; name = "WorkSans-ThinItalic.ttf"; path = "../src/assets/fonts/work-sans/WorkSans-ThinItalic.ttf"; sourceTree = "<group>"; };
		E050D4E365FB43F3959CCB0E /* Poppins-ThinItalic.ttf */ = {isa = PBXFileReference; explicitFileType = undefined; fileEncoding = undefined; includeInIndex = 0; lastKnownFileType = unknown; name = "Poppins-ThinItalic.ttf"; path = "../src/assets/fonts/poppins/Poppins-ThinItalic.ttf"; sourceTree = "<group>"; };
		E4B55CFC1861430EA8E91C32 /* Poppins-BoldItalic.ttf */ = {isa = PBXFileReference; explicitFileType = undefined; fileEncoding = undefined; includeInIndex = 0; lastKnownFileType = unknown; name = "Poppins-BoldItalic.ttf"; path = "../src/assets/fonts/poppins/Poppins-BoldItalic.ttf"; sourceTree = "<group>"; };
		E575ABFB7E5A42A592553D2F /* Poppins-BlackItalic.ttf */ = {isa = PBXFileReference; explicitFileType = undefined; fileEncoding = undefined; includeInIndex = 0; lastKnownFileType = unknown; name = "Poppins-BlackItalic.ttf"; path = "../src/assets/fonts/poppins/Poppins-BlackItalic.ttf"; sourceTree = "<group>"; };
		ED297162215061F000B7C4FE /* JavaScriptCore.framework */ = {isa = PBXFileReference; lastKnownFileType = wrapper.framework; name = JavaScriptCore.framework; path = System/Library/Frameworks/JavaScriptCore.framework; sourceTree = SDKROOT; };
		F7421DB378A248558147122F /* WorkSans-Bold.ttf */ = {isa = PBXFileReference; explicitFileType = undefined; fileEncoding = undefined; includeInIndex = 0; lastKnownFileType = unknown; name = "WorkSans-Bold.ttf"; path = "../src/assets/fonts/work-sans/WorkSans-Bold.ttf"; sourceTree = "<group>"; };
/* End PBXFileReference section */

/* Begin PBXFrameworksBuildPhase section */
		00E356EB1AD99517003FC87E /* Frameworks */ = {
			isa = PBXFrameworksBuildPhase;
			buildActionMask = 2147483647;
			files = (
				7699B88040F8A987B510C191 /* libPods-timetodo-timetodoTests.a in Frameworks */,
			);
			runOnlyForDeploymentPostprocessing = 0;
		};
		13B07F8C1A680F5B00A75B9A /* Frameworks */ = {
			isa = PBXFrameworksBuildPhase;
			buildActionMask = 2147483647;
			files = (
				0C80B921A6F3F58F76C31292 /* libPods-timetodo.a in Frameworks */,
			);
			runOnlyForDeploymentPostprocessing = 0;
		};
/* End PBXFrameworksBuildPhase section */

/* Begin PBXGroup section */
		00E356EF1AD99517003FC87E /* timetodoTests */ = {
			isa = PBXGroup;
			children = (
				00E356F21AD99517003FC87E /* timetodoTests.m */,
				00E356F01AD99517003FC87E /* Supporting Files */,
			);
			path = timetodoTests;
			sourceTree = "<group>";
		};
		00E356F01AD99517003FC87E /* Supporting Files */ = {
			isa = PBXGroup;
			children = (
				00E356F11AD99517003FC87E /* Info.plist */,
			);
			name = "Supporting Files";
			sourceTree = "<group>";
		};
		13B07FAE1A68108700A75B9A /* timetodo */ = {
			isa = PBXGroup;
			children = (
				13B07FAF1A68108700A75B9A /* AppDelegate.h */,
				13B07FB01A68108700A75B9A /* AppDelegate.mm */,
				13B07FB51A68108700A75B9A /* Images.xcassets */,
				13B07FB61A68108700A75B9A /* Info.plist */,
				81AB9BB72411601600AC10FF /* LaunchScreen.storyboard */,
				13B07FB71A68108700A75B9A /* main.m */,
			);
			name = timetodo;
			sourceTree = "<group>";
		};
		2D16E6871FA4F8E400B85C8A /* Frameworks */ = {
			isa = PBXGroup;
			children = (
				ED297162215061F000B7C4FE /* JavaScriptCore.framework */,
				5DCACB8F33CDC322A6C60F78 /* libPods-timetodo.a */,
				19F6CBCC0A4E27FBF8BF4A61 /* libPods-timetodo-timetodoTests.a */,
			);
			name = Frameworks;
			sourceTree = "<group>";
		};
		73E4940CB05B479DAFF94830 /* Resources */ = {
			isa = PBXGroup;
			children = (
				92805583F0AB4A17BE310BA2 /* Poppins-Black.ttf */,
				E575ABFB7E5A42A592553D2F /* Poppins-BlackItalic.ttf */,
				231CDC21054C4C919CDDA457 /* Poppins-Bold.ttf */,
				E4B55CFC1861430EA8E91C32 /* Poppins-BoldItalic.ttf */,
				B187DC6AAC2F49CBBDEEBD51 /* Poppins-ExtraBold.ttf */,
				28EFD2869738469E9C0C8A8E /* Poppins-ExtraBoldItalic.ttf */,
				04CB94CC4DEC4B8CA7A45C13 /* Poppins-ExtraLight.ttf */,
				812B855020884DA5BE1DD388 /* Poppins-ExtraLightItalic.ttf */,
				D25F8FAB7A604997AA134B0A /* Poppins-Italic.ttf */,
				7ECB9F67D22D46AE93D04B11 /* Poppins-Light.ttf */,
				9AC355B877DD44D48B668C7E /* Poppins-LightItalic.ttf */,
				B57D14D30A0A46A1A8F72382 /* Poppins-Medium.ttf */,
				1F8B284987514E5F96FAC13E /* Poppins-MediumItalic.ttf */,
				AAA90D0EA0C94EBAA3DC9CF9 /* Poppins-Regular.ttf */,
				3DF2E8BF2D7A4352B3791ED5 /* Poppins-SemiBold.ttf */,
				C6F95453FEB0468DB53BDBE3 /* Poppins-SemiBoldItalic.ttf */,
				84F98400E0AF437BB38676C2 /* Poppins-Thin.ttf */,
				E050D4E365FB43F3959CCB0E /* Poppins-ThinItalic.ttf */,
				13989A9B5C884D98856A952A /* WorkSans-Black.ttf */,
				19D8DEF31ABB47CD8BBB55CC /* WorkSans-BlackItalic.ttf */,
				F7421DB378A248558147122F /* WorkSans-Bold.ttf */,
				32C1044168E7466FA28F379B /* WorkSans-BoldItalic.ttf */,
				CB7AE798CC3843B88D0ED31A /* WorkSans-ExtraBold.ttf */,
				3406757104634EA48B7C751F /* WorkSans-ExtraBoldItalic.ttf */,
				A39CBB76430F4EB99EE50A02 /* WorkSans-ExtraLight.ttf */,
				C3E9B5A45E704AF6B359E6A9 /* WorkSans-ExtraLightItalic.ttf */,
				870A6989AF08402686EA32D2 /* WorkSans-Italic.ttf */,
				D3F64C02E37142F0AB627E19 /* WorkSans-Light.ttf */,
				0E28803E6F934D8BAA898054 /* WorkSans-LightItalic.ttf */,
				6ECEC64621C648A28C1B6FB6 /* WorkSans-Medium.ttf */,
				C815BDCD2A5349FF96E6C7FB /* WorkSans-MediumItalic.ttf */,
				067380D8FCA64CB4B0B5D081 /* WorkSans-Regular.ttf */,
				D7B25DC03C1B4220A6B6A1E4 /* WorkSans-SemiBold.ttf */,
				665241D6B9084E81ADDB4FF5 /* WorkSans-SemiBoldItalic.ttf */,
				D2DB07CD847F434181A17EF7 /* WorkSans-Thin.ttf */,
				D8EBB42E894B4B12B4758E2A /* WorkSans-ThinItalic.ttf */,
			);
			name = Resources;
			path = "";
			sourceTree = "<group>";
		};
		832341AE1AAA6A7D00B99B32 /* Libraries */ = {
			isa = PBXGroup;
			children = (
			);
			name = Libraries;
			sourceTree = "<group>";
		};
		83CBB9F61A601CBA00E9B192 = {
			isa = PBXGroup;
			children = (
				13B07FAE1A68108700A75B9A /* timetodo */,
				832341AE1AAA6A7D00B99B32 /* Libraries */,
				00E356EF1AD99517003FC87E /* timetodoTests */,
				83CBBA001A601CBA00E9B192 /* Products */,
				2D16E6871FA4F8E400B85C8A /* Frameworks */,
				BBD78D7AC51CEA395F1C20DB /* Pods */,
				73E4940CB05B479DAFF94830 /* Resources */,
			);
			indentWidth = 2;
			sourceTree = "<group>";
			tabWidth = 2;
			usesTabs = 0;
		};
		83CBBA001A601CBA00E9B192 /* Products */ = {
			isa = PBXGroup;
			children = (
				13B07F961A680F5B00A75B9A /* timetodo.app */,
				00E356EE1AD99517003FC87E /* timetodoTests.xctest */,
			);
			name = Products;
			sourceTree = "<group>";
		};
		BBD78D7AC51CEA395F1C20DB /* Pods */ = {
			isa = PBXGroup;
			children = (
				3B4392A12AC88292D35C810B /* Pods-timetodo.debug.xcconfig */,
				5709B34CF0A7D63546082F79 /* Pods-timetodo.release.xcconfig */,
				5B7EB9410499542E8C5724F5 /* Pods-timetodo-timetodoTests.debug.xcconfig */,
				89C6BE57DB24E9ADA2F236DE /* Pods-timetodo-timetodoTests.release.xcconfig */,
			);
			path = Pods;
			sourceTree = "<group>";
		};
/* End PBXGroup section */

/* Begin PBXNativeTarget section */
		00E356ED1AD99517003FC87E /* timetodoTests */ = {
			isa = PBXNativeTarget;
			buildConfigurationList = 00E357021AD99517003FC87E /* Build configuration list for PBXNativeTarget "timetodoTests" */;
			buildPhases = (
				A55EABD7B0C7F3A422A6CC61 /* [CP] Check Pods Manifest.lock */,
				00E356EA1AD99517003FC87E /* Sources */,
				00E356EB1AD99517003FC87E /* Frameworks */,
				00E356EC1AD99517003FC87E /* Resources */,
				C59DA0FBD6956966B86A3779 /* [CP] Embed Pods Frameworks */,
				F6A41C54EA430FDDC6A6ED99 /* [CP] Copy Pods Resources */,
			);
			buildRules = (
			);
			dependencies = (
				00E356F51AD99517003FC87E /* PBXTargetDependency */,
			);
			name = timetodoTests;
			productName = timetodoTests;
			productReference = 00E356EE1AD99517003FC87E /* timetodoTests.xctest */;
			productType = "com.apple.product-type.bundle.unit-test";
		};
		13B07F861A680F5B00A75B9A /* timetodo */ = {
			isa = PBXNativeTarget;
			buildConfigurationList = 13B07F931A680F5B00A75B9A /* Build configuration list for PBXNativeTarget "timetodo" */;
			buildPhases = (
				C38B50BA6285516D6DCD4F65 /* [CP] Check Pods Manifest.lock */,
				FD10A7F022414F080027D42C /* Start Packager */,
				13B07F871A680F5B00A75B9A /* Sources */,
				13B07F8C1A680F5B00A75B9A /* Frameworks */,
				13B07F8E1A680F5B00A75B9A /* Resources */,
				00DD1BFF1BD5951E006B06BC /* Bundle React Native code and images */,
				00EEFC60759A1932668264C0 /* [CP] Embed Pods Frameworks */,
				E235C05ADACE081382539298 /* [CP] Copy Pods Resources */,
			);
			buildRules = (
			);
			dependencies = (
			);
			name = timetodo;
			productName = timetodo;
			productReference = 13B07F961A680F5B00A75B9A /* timetodo.app */;
			productType = "com.apple.product-type.application";
		};
/* End PBXNativeTarget section */

/* Begin PBXProject section */
		83CBB9F71A601CBA00E9B192 /* Project object */ = {
			isa = PBXProject;
			attributes = {
				LastUpgradeCheck = 1210;
				TargetAttributes = {
					00E356ED1AD99517003FC87E = {
						CreatedOnToolsVersion = 6.2;
						TestTargetID = 13B07F861A680F5B00A75B9A;
					};
					13B07F861A680F5B00A75B9A = {
						LastSwiftMigration = 1120;
					};
				};
			};
			buildConfigurationList = 83CBB9FA1A601CBA00E9B192 /* Build configuration list for PBXProject "timetodo" */;
			compatibilityVersion = "Xcode 12.0";
			developmentRegion = en;
			hasScannedForEncodings = 0;
			knownRegions = (
				en,
				Base,
			);
			mainGroup = 83CBB9F61A601CBA00E9B192;
			productRefGroup = 83CBBA001A601CBA00E9B192 /* Products */;
			projectDirPath = "";
			projectRoot = "";
			targets = (
				13B07F861A680F5B00A75B9A /* timetodo */,
				00E356ED1AD99517003FC87E /* timetodoTests */,
			);
		};
/* End PBXProject section */

/* Begin PBXResourcesBuildPhase section */
		00E356EC1AD99517003FC87E /* Resources */ = {
			isa = PBXResourcesBuildPhase;
			buildActionMask = 2147483647;
			files = (
			);
			runOnlyForDeploymentPostprocessing = 0;
		};
		13B07F8E1A680F5B00A75B9A /* Resources */ = {
			isa = PBXResourcesBuildPhase;
			buildActionMask = 2147483647;
			files = (
				81AB9BB82411601600AC10FF /* LaunchScreen.storyboard in Resources */,
				13B07FBF1A68108700A75B9A /* Images.xcassets in Resources */,
				5A6EDBDBE1A745AA96E3E279 /* Poppins-Black.ttf in Resources */,
				F3B97980AABA467FA5205CFC /* Poppins-BlackItalic.ttf in Resources */,
				147FF1AEE395485EAAAFD02B /* Poppins-Bold.ttf in Resources */,
				56166D04D0BF4E4AA42E4AED /* Poppins-BoldItalic.ttf in Resources */,
				C0AA97528062462B9AB1F243 /* Poppins-ExtraBold.ttf in Resources */,
				093F371F2E6F4F939037E0A0 /* Poppins-ExtraBoldItalic.ttf in Resources */,
				202368C4486E4848A774AF43 /* Poppins-ExtraLight.ttf in Resources */,
				E4BC94C5F2D34D4692EB646C /* Poppins-ExtraLightItalic.ttf in Resources */,
				ED19DF92F41240FFB4D248E2 /* Poppins-Italic.ttf in Resources */,
				F23CD38C02324267B877CCCB /* Poppins-Light.ttf in Resources */,
				85946E0100CC4D1881D04998 /* Poppins-LightItalic.ttf in Resources */,
				689C2DFD4A4F465AB9FF0630 /* Poppins-Medium.ttf in Resources */,
				2CB1F0BC3B534E04A71D57B9 /* Poppins-MediumItalic.ttf in Resources */,
				76A005B22FA44B8B98441C75 /* Poppins-Regular.ttf in Resources */,
				2AB7396E108246BAB909FC12 /* Poppins-SemiBold.ttf in Resources */,
				25BA7F5F00C64D81ACC495D1 /* Poppins-SemiBoldItalic.ttf in Resources */,
				9FD1E01BC51E40FEB4E55FF9 /* Poppins-Thin.ttf in Resources */,
				6E95D6A69A0F48619DF7836D /* Poppins-ThinItalic.ttf in Resources */,
				C5DDFF0689E64CD899C368C8 /* WorkSans-Black.ttf in Resources */,
				8C2EEBF280AF4106B5766ADF /* WorkSans-BlackItalic.ttf in Resources */,
				A98D4C5BDB1B4D509BD8FF5D /* WorkSans-Bold.ttf in Resources */,
				4535808B9E4143B890ECEB94 /* WorkSans-BoldItalic.ttf in Resources */,
				956E1CA2DFB64D4986403DDE /* WorkSans-ExtraBold.ttf in Resources */,
				94979AEC9F1F4A0BB19B8995 /* WorkSans-ExtraBoldItalic.ttf in Resources */,
				004FCC01B2FA434E87F95FD3 /* WorkSans-ExtraLight.ttf in Resources */,
				DE9B69D30BCC478393A2E162 /* WorkSans-ExtraLightItalic.ttf in Resources */,
				035F5EE46F9E4BFE9A3712EB /* WorkSans-Italic.ttf in Resources */,
				FFE8E840E85B4DA8A464AFF2 /* WorkSans-Light.ttf in Resources */,
				ED82267929DA4F45A6B0793F /* WorkSans-LightItalic.ttf in Resources */,
				36990AF1D1A14180B3398C52 /* WorkSans-Medium.ttf in Resources */,
				83844B9C1D6B4A4FB33E08D8 /* WorkSans-MediumItalic.ttf in Resources */,
				D338C7B0C5244EF0AB0C62D9 /* WorkSans-Regular.ttf in Resources */,
				2378DDBF4212404F8A820399 /* WorkSans-SemiBold.ttf in Resources */,
				7FFA69380BCF41E58948A1DE /* WorkSans-SemiBoldItalic.ttf in Resources */,
				392AEDAB1A9D4975A6A5ACEE /* WorkSans-Thin.ttf in Resources */,
				D13302B8B280446183B5A494 /* WorkSans-ThinItalic.ttf in Resources */,
			);
			runOnlyForDeploymentPostprocessing = 0;
		};
/* End PBXResourcesBuildPhase section */

/* Begin PBXShellScriptBuildPhase section */
		00DD1BFF1BD5951E006B06BC /* Bundle React Native code and images */ = {
			isa = PBXShellScriptBuildPhase;
			buildActionMask = 2147483647;
			files = (
			);
			inputPaths = (
				"$(SRCROOT)/.xcode.env.local",
				"$(SRCROOT)/.xcode.env",
			);
			name = "Bundle React Native code and images";
			outputPaths = (
			);
			runOnlyForDeploymentPostprocessing = 0;
			shellPath = /bin/sh;
			shellScript = "set -e\n\nWITH_ENVIRONMENT=\"../node_modules/react-native/scripts/xcode/with-environment.sh\"\nREACT_NATIVE_XCODE=\"../node_modules/react-native/scripts/react-native-xcode.sh\"\n\n/bin/sh -c \"$WITH_ENVIRONMENT $REACT_NATIVE_XCODE\"\n";
		};
		00EEFC60759A1932668264C0 /* [CP] Embed Pods Frameworks */ = {
			isa = PBXShellScriptBuildPhase;
			buildActionMask = 2147483647;
			files = (
			);
			inputFileListPaths = (
				"${PODS_ROOT}/Target Support Files/Pods-timetodo/Pods-timetodo-frameworks-${CONFIGURATION}-input-files.xcfilelist",
			);
			name = "[CP] Embed Pods Frameworks";
			outputFileListPaths = (
				"${PODS_ROOT}/Target Support Files/Pods-timetodo/Pods-timetodo-frameworks-${CONFIGURATION}-output-files.xcfilelist",
			);
			runOnlyForDeploymentPostprocessing = 0;
			shellPath = /bin/sh;
			shellScript = "\"${PODS_ROOT}/Target Support Files/Pods-timetodo/Pods-timetodo-frameworks.sh\"\n";
			showEnvVarsInLog = 0;
		};
		A55EABD7B0C7F3A422A6CC61 /* [CP] Check Pods Manifest.lock */ = {
			isa = PBXShellScriptBuildPhase;
			buildActionMask = 2147483647;
			files = (
			);
			inputFileListPaths = (
			);
			inputPaths = (
				"${PODS_PODFILE_DIR_PATH}/Podfile.lock",
				"${PODS_ROOT}/Manifest.lock",
			);
			name = "[CP] Check Pods Manifest.lock";
			outputFileListPaths = (
			);
			outputPaths = (
				"$(DERIVED_FILE_DIR)/Pods-timetodo-timetodoTests-checkManifestLockResult.txt",
			);
			runOnlyForDeploymentPostprocessing = 0;
			shellPath = /bin/sh;
			shellScript = "diff \"${PODS_PODFILE_DIR_PATH}/Podfile.lock\" \"${PODS_ROOT}/Manifest.lock\" > /dev/null\nif [ $? != 0 ] ; then\n    # print error to STDERR\n    echo \"error: The sandbox is not in sync with the Podfile.lock. Run 'pod install' or update your CocoaPods installation.\" >&2\n    exit 1\nfi\n# This output is used by Xcode 'outputs' to avoid re-running this script phase.\necho \"SUCCESS\" > \"${SCRIPT_OUTPUT_FILE_0}\"\n";
			showEnvVarsInLog = 0;
		};
		C38B50BA6285516D6DCD4F65 /* [CP] Check Pods Manifest.lock */ = {
			isa = PBXShellScriptBuildPhase;
			buildActionMask = 2147483647;
			files = (
			);
			inputFileListPaths = (
			);
			inputPaths = (
				"${PODS_PODFILE_DIR_PATH}/Podfile.lock",
				"${PODS_ROOT}/Manifest.lock",
			);
			name = "[CP] Check Pods Manifest.lock";
			outputFileListPaths = (
			);
			outputPaths = (
				"$(DERIVED_FILE_DIR)/Pods-timetodo-checkManifestLockResult.txt",
			);
			runOnlyForDeploymentPostprocessing = 0;
			shellPath = /bin/sh;
			shellScript = "diff \"${PODS_PODFILE_DIR_PATH}/Podfile.lock\" \"${PODS_ROOT}/Manifest.lock\" > /dev/null\nif [ $? != 0 ] ; then\n    # print error to STDERR\n    echo \"error: The sandbox is not in sync with the Podfile.lock. Run 'pod install' or update your CocoaPods installation.\" >&2\n    exit 1\nfi\n# This output is used by Xcode 'outputs' to avoid re-running this script phase.\necho \"SUCCESS\" > \"${SCRIPT_OUTPUT_FILE_0}\"\n";
			showEnvVarsInLog = 0;
		};
		C59DA0FBD6956966B86A3779 /* [CP] Embed Pods Frameworks */ = {
			isa = PBXShellScriptBuildPhase;
			buildActionMask = 2147483647;
			files = (
			);
			inputFileListPaths = (
				"${PODS_ROOT}/Target Support Files/Pods-timetodo-timetodoTests/Pods-timetodo-timetodoTests-frameworks-${CONFIGURATION}-input-files.xcfilelist",
			);
			name = "[CP] Embed Pods Frameworks";
			outputFileListPaths = (
				"${PODS_ROOT}/Target Support Files/Pods-timetodo-timetodoTests/Pods-timetodo-timetodoTests-frameworks-${CONFIGURATION}-output-files.xcfilelist",
			);
			runOnlyForDeploymentPostprocessing = 0;
			shellPath = /bin/sh;
			shellScript = "\"${PODS_ROOT}/Target Support Files/Pods-timetodo-timetodoTests/Pods-timetodo-timetodoTests-frameworks.sh\"\n";
			showEnvVarsInLog = 0;
		};
		E235C05ADACE081382539298 /* [CP] Copy Pods Resources */ = {
			isa = PBXShellScriptBuildPhase;
			buildActionMask = 2147483647;
			files = (
			);
			inputFileListPaths = (
				"${PODS_ROOT}/Target Support Files/Pods-timetodo/Pods-timetodo-resources-${CONFIGURATION}-input-files.xcfilelist",
			);
			name = "[CP] Copy Pods Resources";
			outputFileListPaths = (
				"${PODS_ROOT}/Target Support Files/Pods-timetodo/Pods-timetodo-resources-${CONFIGURATION}-output-files.xcfilelist",
			);
			runOnlyForDeploymentPostprocessing = 0;
			shellPath = /bin/sh;
			shellScript = "\"${PODS_ROOT}/Target Support Files/Pods-timetodo/Pods-timetodo-resources.sh\"\n";
			showEnvVarsInLog = 0;
		};
		F6A41C54EA430FDDC6A6ED99 /* [CP] Copy Pods Resources */ = {
			isa = PBXShellScriptBuildPhase;
			buildActionMask = 2147483647;
			files = (
			);
			inputFileListPaths = (
				"${PODS_ROOT}/Target Support Files/Pods-timetodo-timetodoTests/Pods-timetodo-timetodoTests-resources-${CONFIGURATION}-input-files.xcfilelist",
			);
			name = "[CP] Copy Pods Resources";
			outputFileListPaths = (
				"${PODS_ROOT}/Target Support Files/Pods-timetodo-timetodoTests/Pods-timetodo-timetodoTests-resources-${CONFIGURATION}-output-files.xcfilelist",
			);
			runOnlyForDeploymentPostprocessing = 0;
			shellPath = /bin/sh;
			shellScript = "\"${PODS_ROOT}/Target Support Files/Pods-timetodo-timetodoTests/Pods-timetodo-timetodoTests-resources.sh\"\n";
			showEnvVarsInLog = 0;
		};
		FD10A7F022414F080027D42C /* Start Packager */ = {
			isa = PBXShellScriptBuildPhase;
			buildActionMask = 2147483647;
			files = (
			);
			inputFileListPaths = (
			);
			inputPaths = (
			);
			name = "Start Packager";
			outputFileListPaths = (
			);
			outputPaths = (
			);
			runOnlyForDeploymentPostprocessing = 0;
			shellPath = /bin/sh;
			shellScript = "export RCT_METRO_PORT=\"${RCT_METRO_PORT:=8081}\"\necho \"export RCT_METRO_PORT=${RCT_METRO_PORT}\" > \"${SRCROOT}/../node_modules/react-native/scripts/.packager.env\"\nif [ -z \"${RCT_NO_LAUNCH_PACKAGER+xxx}\" ] ; then\n  if nc -w 5 -z localhost ${RCT_METRO_PORT} ; then\n    if ! curl -s \"http://localhost:${RCT_METRO_PORT}/status\" | grep -q \"packager-status:running\" ; then\n      echo \"Port ${RCT_METRO_PORT} already in use, packager is either not running or not running correctly\"\n      exit 2\n    fi\n  else\n    open \"$SRCROOT/../node_modules/react-native/scripts/launchPackager.command\" || echo \"Can't start packager automatically\"\n  fi\nfi\n";
			showEnvVarsInLog = 0;
		};
/* End PBXShellScriptBuildPhase section */

/* Begin PBXSourcesBuildPhase section */
		00E356EA1AD99517003FC87E /* Sources */ = {
			isa = PBXSourcesBuildPhase;
			buildActionMask = 2147483647;
			files = (
				00E356F31AD99517003FC87E /* timetodoTests.m in Sources */,
			);
			runOnlyForDeploymentPostprocessing = 0;
		};
		13B07F871A680F5B00A75B9A /* Sources */ = {
			isa = PBXSourcesBuildPhase;
			buildActionMask = 2147483647;
			files = (
				13B07FBC1A68108700A75B9A /* AppDelegate.mm in Sources */,
				13B07FC11A68108700A75B9A /* main.m in Sources */,
			);
			runOnlyForDeploymentPostprocessing = 0;
		};
/* End PBXSourcesBuildPhase section */

/* Begin PBXTargetDependency section */
		00E356F51AD99517003FC87E /* PBXTargetDependency */ = {
			isa = PBXTargetDependency;
			target = 13B07F861A680F5B00A75B9A /* timetodo */;
			targetProxy = 00E356F41AD99517003FC87E /* PBXContainerItemProxy */;
		};
/* End PBXTargetDependency section */

/* Begin XCBuildConfiguration section */
		00E356F61AD99517003FC87E /* Debug */ = {
			isa = XCBuildConfiguration;
			baseConfigurationReference = 5B7EB9410499542E8C5724F5 /* Pods-timetodo-timetodoTests.debug.xcconfig */;
			buildSettings = {
				BUNDLE_LOADER = "$(TEST_HOST)";
				GCC_PREPROCESSOR_DEFINITIONS = (
					"DEBUG=1",
					"$(inherited)",
				);
				INFOPLIST_FILE = timetodoTests/Info.plist;
				IPHONEOS_DEPLOYMENT_TARGET = 12.4;
				LD_RUNPATH_SEARCH_PATHS = (
					"$(inherited)",
					"@executable_path/Frameworks",
					"@loader_path/Frameworks",
				);
				OTHER_LDFLAGS = (
					"-ObjC",
					"-lc++",
					"$(inherited)",
				);
				PRODUCT_BUNDLE_IDENTIFIER = com.timetodo.app;
				PRODUCT_NAME = "$(TARGET_NAME)";
				TEST_HOST = "$(BUILT_PRODUCTS_DIR)/timetodo.app/timetodo";
			};
			name = Debug;
		};
		00E356F71AD99517003FC87E /* Release */ = {
			isa = XCBuildConfiguration;
			baseConfigurationReference = 89C6BE57DB24E9ADA2F236DE /* Pods-timetodo-timetodoTests.release.xcconfig */;
			buildSettings = {
				BUNDLE_LOADER = "$(TEST_HOST)";
				COPY_PHASE_STRIP = NO;
				INFOPLIST_FILE = timetodoTests/Info.plist;
				IPHONEOS_DEPLOYMENT_TARGET = 12.4;
				LD_RUNPATH_SEARCH_PATHS = (
					"$(inherited)",
					"@executable_path/Frameworks",
					"@loader_path/Frameworks",
				);
				OTHER_LDFLAGS = (
					"-ObjC",
					"-lc++",
					"$(inherited)",
				);
				PRODUCT_BUNDLE_IDENTIFIER = com.timetodo.app;
				PRODUCT_NAME = "$(TARGET_NAME)";
				TEST_HOST = "$(BUILT_PRODUCTS_DIR)/timetodo.app/timetodo";
			};
			name = Release;
		};
		13B07F941A680F5B00A75B9A /* Debug */ = {
			isa = XCBuildConfiguration;
			baseConfigurationReference = 3B4392A12AC88292D35C810B /* Pods-timetodo.debug.xcconfig */;
			buildSettings = {
				ASSETCATALOG_COMPILER_APPICON_NAME = AppIcon;
				CLANG_ENABLE_MODULES = YES;
				CURRENT_PROJECT_VERSION = 1;
				ENABLE_BITCODE = NO;
				INFOPLIST_FILE = timetodo/Info.plist;
				INFOPLIST_KEY_CFBundleDisplayName = open_chat;
				LD_RUNPATH_SEARCH_PATHS = (
					"$(inherited)",
					"@executable_path/Frameworks",
				);
				MARKETING_VERSION = 1.0;
				OTHER_LDFLAGS = (
					"$(inherited)",
					"-ObjC",
					"-lc++",
				);
				PRODUCT_BUNDLE_IDENTIFIER = com.timetodo.app;
				PRODUCT_NAME = timetodo;
				SWIFT_OPTIMIZATION_LEVEL = "-Onone";
				SWIFT_VERSION = 5.0;
				VERSIONING_SYSTEM = "apple-generic";
			};
			name = Debug;
		};
		13B07F951A680F5B00A75B9A /* Release */ = {
			isa = XCBuildConfiguration;
			baseConfigurationReference = 5709B34CF0A7D63546082F79 /* Pods-timetodo.release.xcconfig */;
			buildSettings = {
				ASSETCATALOG_COMPILER_APPICON_NAME = AppIcon;
				CLANG_ENABLE_MODULES = YES;
				CURRENT_PROJECT_VERSION = 1;
				INFOPLIST_FILE = timetodo/Info.plist;
				INFOPLIST_KEY_CFBundleDisplayName = open_chat;
				LD_RUNPATH_SEARCH_PATHS = (
					"$(inherited)",
					"@executable_path/Frameworks",
				);
				MARKETING_VERSION = 1.0;
				OTHER_LDFLAGS = (
					"$(inherited)",
					"-ObjC",
					"-lc++",
				);
				PRODUCT_BUNDLE_IDENTIFIER = com.timetodo.app;
				PRODUCT_NAME = timetodo;
				SWIFT_VERSION = 5.0;
				VERSIONING_SYSTEM = "apple-generic";
			};
			name = Release;
		};
		83CBBA201A601CBA00E9B192 /* Debug */ = {
			isa = XCBuildConfiguration;
			buildSettings = {
				ALWAYS_SEARCH_USER_PATHS = NO;
				CLANG_ANALYZER_LOCALIZABILITY_NONLOCALIZED = YES;
				CLANG_CXX_LANGUAGE_STANDARD = "c++17";
				CLANG_CXX_LIBRARY = "libc++";
				CLANG_ENABLE_MODULES = YES;
				CLANG_ENABLE_OBJC_ARC = YES;
				CLANG_WARN_BLOCK_CAPTURE_AUTORELEASING = YES;
				CLANG_WARN_BOOL_CONVERSION = YES;
				CLANG_WARN_COMMA = YES;
				CLANG_WARN_CONSTANT_CONVERSION = YES;
				CLANG_WARN_DEPRECATED_OBJC_IMPLEMENTATIONS = YES;
				CLANG_WARN_DIRECT_OBJC_ISA_USAGE = YES_ERROR;
				CLANG_WARN_EMPTY_BODY = YES;
				CLANG_WARN_ENUM_CONVERSION = YES;
				CLANG_WARN_INFINITE_RECURSION = YES;
				CLANG_WARN_INT_CONVERSION = YES;
				CLANG_WARN_NON_LITERAL_NULL_CONVERSION = YES;
				CLANG_WARN_OBJC_IMPLICIT_RETAIN_SELF = YES;
				CLANG_WARN_OBJC_LITERAL_CONVERSION = YES;
				CLANG_WARN_OBJC_ROOT_CLASS = YES_ERROR;
				CLANG_WARN_QUOTED_INCLUDE_IN_FRAMEWORK_HEADER = YES;
				CLANG_WARN_RANGE_LOOP_ANALYSIS = YES;
				CLANG_WARN_STRICT_PROTOTYPES = YES;
				CLANG_WARN_SUSPICIOUS_MOVE = YES;
				CLANG_WARN_UNREACHABLE_CODE = YES;
				CLANG_WARN__DUPLICATE_METHOD_MATCH = YES;
				"CODE_SIGN_IDENTITY[sdk=iphoneos*]" = "iPhone Developer";
				COPY_PHASE_STRIP = NO;
				ENABLE_STRICT_OBJC_MSGSEND = YES;
				ENABLE_TESTABILITY = YES;
				"EXCLUDED_ARCHS[sdk=iphonesimulator*]" = i386;
				GCC_C_LANGUAGE_STANDARD = gnu99;
				GCC_DYNAMIC_NO_PIC = NO;
				GCC_NO_COMMON_BLOCKS = YES;
				GCC_OPTIMIZATION_LEVEL = 0;
				GCC_PREPROCESSOR_DEFINITIONS = (
					"DEBUG=1",
					"$(inherited)",
					_LIBCPP_ENABLE_CXX17_REMOVED_UNARY_BINARY_FUNCTION,
				);
				GCC_SYMBOLS_PRIVATE_EXTERN = NO;
				GCC_WARN_64_TO_32_BIT_CONVERSION = YES;
				GCC_WARN_ABOUT_RETURN_TYPE = YES_ERROR;
				GCC_WARN_UNDECLARED_SELECTOR = YES;
				GCC_WARN_UNINITIALIZED_AUTOS = YES_AGGRESSIVE;
				GCC_WARN_UNUSED_FUNCTION = YES;
				GCC_WARN_UNUSED_VARIABLE = YES;
				IPHONEOS_DEPLOYMENT_TARGET = 12.4;
				LD_RUNPATH_SEARCH_PATHS = (
					/usr/lib/swift,
					"$(inherited)",
				);
				LIBRARY_SEARCH_PATHS = (
					"\"$(SDKROOT)/usr/lib/swift\"",
					"\"$(TOOLCHAIN_DIR)/usr/lib/swift/$(PLATFORM_NAME)\"",
					"\"$(inherited)\"",
				);
				MTL_ENABLE_DEBUG_INFO = YES;
				ONLY_ACTIVE_ARCH = YES;
				OTHER_CFLAGS = "$(inherited)";
				OTHER_CPLUSPLUSFLAGS = (
					"$(OTHER_CFLAGS)",
					"-DFOLLY_NO_CONFIG",
					"-DFOLLY_MOBILE=1",
					"-DFOLLY_USE_LIBCPP=1",
				);
				OTHER_LDFLAGS = (
					"$(inherited)",
					"-Wl",
					"-ld_classic",
					" ",
					"-Wl -ld_classic ",
				);
				REACT_NATIVE_PATH = "${PODS_ROOT}/../../node_modules/react-native";
				SDKROOT = iphoneos;
			};
			name = Debug;
		};
		83CBBA211A601CBA00E9B192 /* Release */ = {
			isa = XCBuildConfiguration;
			buildSettings = {
				ALWAYS_SEARCH_USER_PATHS = NO;
				CLANG_ANALYZER_LOCALIZABILITY_NONLOCALIZED = YES;
				CLANG_CXX_LANGUAGE_STANDARD = "c++17";
				CLANG_CXX_LIBRARY = "libc++";
				CLANG_ENABLE_MODULES = YES;
				CLANG_ENABLE_OBJC_ARC = YES;
				CLANG_WARN_BLOCK_CAPTURE_AUTORELEASING = YES;
				CLANG_WARN_BOOL_CONVERSION = YES;
				CLANG_WARN_COMMA = YES;
				CLANG_WARN_CONSTANT_CONVERSION = YES;
				CLANG_WARN_DEPRECATED_OBJC_IMPLEMENTATIONS = YES;
				CLANG_WARN_DIRECT_OBJC_ISA_USAGE = YES_ERROR;
				CLANG_WARN_EMPTY_BODY = YES;
				CLANG_WARN_ENUM_CONVERSION = YES;
				CLANG_WARN_INFINITE_RECURSION = YES;
				CLANG_WARN_INT_CONVERSION = YES;
				CLANG_WARN_NON_LITERAL_NULL_CONVERSION = YES;
				CLANG_WARN_OBJC_IMPLICIT_RETAIN_SELF = YES;
				CLANG_WARN_OBJC_LITERAL_CONVERSION = YES;
				CLANG_WARN_OBJC_ROOT_CLASS = YES_ERROR;
				CLANG_WARN_QUOTED_INCLUDE_IN_FRAMEWORK_HEADER = YES;
				CLANG_WARN_RANGE_LOOP_ANALYSIS = YES;
				CLANG_WARN_STRICT_PROTOTYPES = YES;
				CLANG_WARN_SUSPICIOUS_MOVE = YES;
				CLANG_WARN_UNREACHABLE_CODE = YES;
				CLANG_WARN__DUPLICATE_METHOD_MATCH = YES;
				"CODE_SIGN_IDENTITY[sdk=iphoneos*]" = "iPhone Developer";
				COPY_PHASE_STRIP = YES;
				ENABLE_NS_ASSERTIONS = NO;
				ENABLE_STRICT_OBJC_MSGSEND = YES;
				"EXCLUDED_ARCHS[sdk=iphonesimulator*]" = i386;
				GCC_C_LANGUAGE_STANDARD = gnu99;
				GCC_NO_COMMON_BLOCKS = YES;
				GCC_PREPROCESSOR_DEFINITIONS = (
					"$(inherited)",
					_LIBCPP_ENABLE_CXX17_REMOVED_UNARY_BINARY_FUNCTION,
				);
				GCC_WARN_64_TO_32_BIT_CONVERSION = YES;
				GCC_WARN_ABOUT_RETURN_TYPE = YES_ERROR;
				GCC_WARN_UNDECLARED_SELECTOR = YES;
				GCC_WARN_UNINITIALIZED_AUTOS = YES_AGGRESSIVE;
				GCC_WARN_UNUSED_FUNCTION = YES;
				GCC_WARN_UNUSED_VARIABLE = YES;
				IPHONEOS_DEPLOYMENT_TARGET = 12.4;
				LD_RUNPATH_SEARCH_PATHS = (
					/usr/lib/swift,
					"$(inherited)",
				);
				LIBRARY_SEARCH_PATHS = (
					"\"$(SDKROOT)/usr/lib/swift\"",
					"\"$(TOOLCHAIN_DIR)/usr/lib/swift/$(PLATFORM_NAME)\"",
					"\"$(inherited)\"",
				);
				MTL_ENABLE_DEBUG_INFO = NO;
				OTHER_CFLAGS = "$(inherited)";
				OTHER_CPLUSPLUSFLAGS = (
					"$(OTHER_CFLAGS)",
					"-DFOLLY_NO_CONFIG",
					"-DFOLLY_MOBILE=1",
					"-DFOLLY_USE_LIBCPP=1",
				);
				OTHER_LDFLAGS = (
					"$(inherited)",
					"-Wl",
					"-ld_classic",
					" ",
					"-Wl -ld_classic ",
				);
				REACT_NATIVE_PATH = "${PODS_ROOT}/../../node_modules/react-native";
				SDKROOT = iphoneos;
				VALIDATE_PRODUCT = YES;
			};
			name = Release;
		};
/* End XCBuildConfiguration section */

/* Begin XCConfigurationList section */
		00E357021AD99517003FC87E /* Build configuration list for PBXNativeTarget "timetodoTests" */ = {
			isa = XCConfigurationList;
			buildConfigurations = (
				00E356F61AD99517003FC87E /* Debug */,
				00E356F71AD99517003FC87E /* Release */,
			);
			defaultConfigurationIsVisible = 0;
			defaultConfigurationName = Release;
		};
		13B07F931A680F5B00A75B9A /* Build configuration list for PBXNativeTarget "timetodo" */ = {
			isa = XCConfigurationList;
			buildConfigurations = (
				13B07F941A680F5B00A75B9A /* Debug */,
				13B07F951A680F5B00A75B9A /* Release */,
			);
			defaultConfigurationIsVisible = 0;
			defaultConfigurationName = Release;
		};
		83CBB9FA1A601CBA00E9B192 /* Build configuration list for PBXProject "timetodo" */ = {
			isa = XCConfigurationList;
			buildConfigurations = (
				83CBBA201A601CBA00E9B192 /* Debug */,
				83CBBA211A601CBA00E9B192 /* Release */,
			);
			defaultConfigurationIsVisible = 0;
			defaultConfigurationName = Release;
		};
/* End XCConfigurationList section */
	};
	rootObject = 83CBB9F71A601CBA00E9B192 /* Project object */;
}
